
Microsoft Visual Studio Solution File, Format Version 12.00
# Visual Studio 15
Project("{FAE04EC0-301F-11D3-BF4B-00C04F79EFBC}") = "Assembly-CSharp-Editor", "Assembly-CSharp-Editor.csproj", "{EFAED791-84FC-A36E-3C03-F4582990D2D9}"
EndProject
Project("{FAE04EC0-301F-11D3-BF4B-00C04F79EFBC}") = "Assembly-CSharp", "Assembly-CSharp.csproj", "{8B33806B-F6DA-1AF5-9221-BBB143EF034A}"
EndProject
Global
	GlobalSection(SolutionConfigurationPlatforms) = preSolution
		Debug|Any CPU = Debug|Any CPU
		Release|Any CPU = Release|Any CPU
	EndGlobalSection
	GlobalSection(ProjectConfigurationPlatforms) = postSolution
		{EFAED791-84FC-A36E-3C03-F4582990D2D9}.Debug|Any CPU.ActiveCfg = Debug|Any CPU
		{EFAED791-84FC-A36E-3C03-F4582990D2D9}.Debug|Any CPU.Build.0 = Debug|Any CPU
		{EFAED791-84FC-A36E-3C03-F4582990D2D9}.Release|Any CPU.ActiveCfg = Release|Any CPU
		{EFAED791-84FC-A36E-3C03-F4582990D2D9}.Release|Any CPU.Build.0 = Release|Any CPU
		{8B33806B-F6DA-1AF5-9221-BBB143EF034A}.Debug|Any CPU.ActiveCfg = Debug|Any CPU
		{8B33806B-F6DA-1AF5-9221-BBB143EF034A}.Debug|Any CPU.Build.0 = Debug|Any CPU
		{8B33806B-F6DA-1AF5-9221-BBB143EF034A}.Release|Any CPU.ActiveCfg = Release|Any CPU
		{8B33806B-F6DA-1AF5-9221-BBB143EF034A}.Release|Any CPU.Build.0 = Release|Any CPU
	EndGlobalSection
	GlobalSection(SolutionProperties) = preSolution
		HideSolutionNode = FALSE
	EndGlobalSection
EndGlobal
